
Microsoft Visual Studio Solution File, Format Version 12.00
# Visual Studio Version 16
VisualStudioVersion = 16.0.29806.167
MinimumVisualStudioVersion = 10.0.40219.1
Project("{FAE04EC0-301F-11D3-BF4B-00C04F79EFBC}") = "Dark1.Android", "Dark1.Android\Dark1.Android.csproj", "{FD0C5FF9-B587-4795-AC2F-4C2DAD56D281}"
EndProject
Project("{FAE04EC0-301F-11D3-BF4B-00C04F79EFBC}") = "Dark1.iOS", "Dark1.iOS\Dark1.iOS.csproj", "{4668FB0D-BBE0-4655-A020-1FAEA385ABD2}"
EndProject
Project("{FAE04EC0-301F-11D3-BF4B-00C04F79EFBC}") = "Dark1", "Dark1\Dark1.csproj", "{FEF88C58-6460-4198-8D8C-D0331D584C2E}"
EndProject
Global
	GlobalSection(SolutionConfigurationPlatforms) = preSolution
		Debug|Any CPU = Debug|Any CPU
		Debug|iPhone = Debug|iPhone
		Debug|iPhoneSimulator = Debug|iPhoneSimulator
		Release|Any CPU = Release|Any CPU
		Release|iPhone = Release|iPhone
		Release|iPhoneSimulator = Release|iPhoneSimulator
	EndGlobalSection
	GlobalSection(ProjectConfigurationPlatforms) = postSolution
		{FD0C5FF9-B587-4795-AC2F-4C2DAD56D281}.Debug|Any CPU.ActiveCfg = Debug|Any CPU
		{FD0C5FF9-B587-4795-AC2F-4C2DAD56D281}.Debug|Any CPU.Build.0 = Debug|Any CPU
		{FD0C5FF9-B587-4795-AC2F-4C2DAD56D281}.Debug|Any CPU.Deploy.0 = Debug|Any CPU
		{FD0C5FF9-B587-4795-AC2F-4C2DAD56D281}.Debug|iPhone.ActiveCfg = Debug|Any CPU
		{FD0C5FF9-B587-4795-AC2F-4C2DAD56D281}.Debug|iPhone.Build.0 = Debug|Any CPU
		{FD0C5FF9-B587-4795-AC2F-4C2DAD56D281}.Debug|iPhone.Deploy.0 = Debug|Any CPU
		{FD0C5FF9-B587-4795-AC2F-4C2DAD56D281}.Debug|iPhoneSimulator.ActiveCfg = Debug|Any CPU
		{FD0C5FF9-B587-4795-AC2F-4C2DAD56D281}.Debug|iPhoneSimulator.Build.0 = Debug|Any CPU
		{FD0C5FF9-B587-4795-AC2F-4C2DAD56D281}.Debug|iPhoneSimulator.Deploy.0 = Debug|Any CPU
		{FD0C5FF9-B587-4795-AC2F-4C2DAD56D281}.Release|Any CPU.ActiveCfg = Release|Any CPU
		{FD0C5FF9-B587-4795-AC2F-4C2DAD56D281}.Release|Any CPU.Build.0 = Release|Any CPU
		{FD0C5FF9-B587-4795-AC2F-4C2DAD56D281}.Release|Any CPU.Deploy.0 = Release|Any CPU
		{FD0C5FF9-B587-4795-AC2F-4C2DAD56D281}.Release|iPhone.ActiveCfg = Release|Any CPU
		{FD0C5FF9-B587-4795-AC2F-4C2DAD56D281}.Release|iPhone.Build.0 = Release|Any CPU
		{FD0C5FF9-B587-4795-AC2F-4C2DAD56D281}.Release|iPhone.Deploy.0 = Release|Any CPU
		{FD0C5FF9-B587-4795-AC2F-4C2DAD56D281}.Release|iPhoneSimulator.ActiveCfg = Release|Any CPU
		{FD0C5FF9-B587-4795-AC2F-4C2DAD56D281}.Release|iPhoneSimulator.Build.0 = Release|Any CPU
		{FD0C5FF9-B587-4795-AC2F-4C2DAD56D281}.Release|iPhoneSimulator.Deploy.0 = Release|Any CPU
		{4668FB0D-BBE0-4655-A020-1FAEA385ABD2}.Debug|Any CPU.ActiveCfg = Debug|iPhoneSimulator
		{4668FB0D-BBE0-4655-A020-1FAEA385ABD2}.Debug|Any CPU.Build.0 = Debug|iPhoneSimulator
		{4668FB0D-BBE0-4655-A020-1FAEA385ABD2}.Debug|Any CPU.Deploy.0 = Debug|iPhoneSimulator
		{4668FB0D-BBE0-4655-A020-1FAEA385ABD2}.Debug|iPhone.ActiveCfg = Debug|iPhone
		{4668FB0D-BBE0-4655-A020-1FAEA385ABD2}.Debug|iPhone.Build.0 = Debug|iPhone
		{4668FB0D-BBE0-4655-A020-1FAEA385ABD2}.Debug|iPhone.Deploy.0 = Debug|iPhone
		{4668FB0D-BBE0-4655-A020-1FAEA385ABD2}.Debug|iPhoneSimulator.ActiveCfg = Debug|iPhoneSimulator
		{4668FB0D-BBE0-4655-A020-1FAEA385ABD2}.Debug|iPhoneSimulator.Build.0 = Debug|iPhoneSimulator
		{4668FB0D-BBE0-4655-A020-1FAEA385ABD2}.Debug|iPhoneSimulator.Deploy.0 = Debug|iPhoneSimulator
		{4668FB0D-BBE0-4655-A020-1FAEA385ABD2}.Release|Any CPU.ActiveCfg = Release|iPhone
		{4668FB0D-BBE0-4655-A020-1FAEA385ABD2}.Release|Any CPU.Build.0 = Release|iPhone
		{4668FB0D-BBE0-4655-A020-1FAEA385ABD2}.Release|Any CPU.Deploy.0 = Release|iPhone
		{4668FB0D-BBE0-4655-A020-1FAEA385ABD2}.Release|iPhone.ActiveCfg = Release|iPhone
		{4668FB0D-BBE0-4655-A020-1FAEA385ABD2}.Release|iPhone.Build.0 = Release|iPhone
		{4668FB0D-BBE0-4655-A020-1FAEA385ABD2}.Release|iPhone.Deploy.0 = Release|iPhone
		{4668FB0D-BBE0-4655-A020-1FAEA385ABD2}.Release|iPhoneSimulator.ActiveCfg = Release|iPhoneSimulator
		{4668FB0D-BBE0-4655-A020-1FAEA385ABD2}.Release|iPhoneSimulator.Build.0 = Release|iPhoneSimulator
		{4668FB0D-BBE0-4655-A020-1FAEA385ABD2}.Release|iPhoneSimulator.Deploy.0 = Release|iPhoneSimulator
		{FEF88C58-6460-4198-8D8C-D0331D584C2E}.Debug|Any CPU.ActiveCfg = Debug|Any CPU
		{FEF88C58-6460-4198-8D8C-D0331D584C2E}.Debug|Any CPU.Build.0 = Debug|Any CPU
		{FEF88C58-6460-4198-8D8C-D0331D584C2E}.Debug|Any CPU.Deploy.0 = Debug|Any CPU
		{FEF88C58-6460-4198-8D8C-D0331D584C2E}.Debug|iPhone.ActiveCfg = Debug|Any CPU
		{FEF88C58-6460-4198-8D8C-D0331D584C2E}.Debug|iPhone.Build.0 = Debug|Any CPU
		{FEF88C58-6460-4198-8D8C-D0331D584C2E}.Debug|iPhone.Deploy.0 = Debug|Any CPU
		{FEF88C58-6460-4198-8D8C-D0331D584C2E}.Debug|iPhoneSimulator.ActiveCfg = Debug|Any CPU
		{FEF88C58-6460-4198-8D8C-D0331D584C2E}.Debug|iPhoneSimulator.Build.0 = Debug|Any CPU
		{FEF88C58-6460-4198-8D8C-D0331D584C2E}.Debug|iPhoneSimulator.Deploy.0 = Debug|Any CPU
		{FEF88C58-6460-4198-8D8C-D0331D584C2E}.Release|Any CPU.ActiveCfg = Release|Any CPU
		{FEF88C58-6460-4198-8D8C-D0331D584C2E}.Release|Any CPU.Build.0 = Release|Any CPU
		{FEF88C58-6460-4198-8D8C-D0331D584C2E}.Release|Any CPU.Deploy.0 = Release|Any CPU
		{FEF88C58-6460-4198-8D8C-D0331D584C2E}.Release|iPhone.ActiveCfg = Release|Any CPU
		{FEF88C58-6460-4198-8D8C-D0331D584C2E}.Release|iPhone.Build.0 = Release|Any CPU
		{FEF88C58-6460-4198-8D8C-D0331D584C2E}.Release|iPhone.Deploy.0 = Release|Any CPU
		{FEF88C58-6460-4198-8D8C-D0331D584C2E}.Release|iPhoneSimulator.ActiveCfg = Release|Any CPU
		{FEF88C58-6460-4198-8D8C-D0331D584C2E}.Release|iPhoneSimulator.Build.0 = Release|Any CPU
		{FEF88C58-6460-4198-8D8C-D0331D584C2E}.Release|iPhoneSimulator.Deploy.0 = Release|Any CPU
	EndGlobalSection
	GlobalSection(SolutionProperties) = preSolution
		HideSolutionNode = FALSE
	EndGlobalSection
	GlobalSection(ExtensibilityGlobals) = postSolution
		SolutionGuid = {54575168-69A3-49F9-B609-721F8F1B84F0}
	EndGlobalSection
EndGlobal
